
Microsoft Visual Studio Solution File, Format Version 12.00
# Visual Studio 15
VisualStudioVersion = 15.0.27130.2026
MinimumVisualStudioVersion = 10.0.40219.1
Project("{FAE04EC0-301F-11D3-BF4B-00C04F79EFBC}") = "TicTacToe.Desktop", "TicTacToe.Desktop\TicTacToe.Desktop.csproj", "{0AAEC53A-9A12-4231-9498-1262E2A2C99B}"
EndProject
Project("{F2A71F9B-5D33-465A-A702-920D77279786}") = "TicTacToe.Core", "TicTacToe.Core\TicTacToe.Core.fsproj", "{76538EE2-00BE-4D84-AAFC-FF23845C1FB8}"
EndProject
Global
	GlobalSection(SolutionConfigurationPlatforms) = preSolution
		Debug|Any CPU = Debug|Any CPU
		Release|Any CPU = Release|Any CPU
	EndGlobalSection
	GlobalSection(ProjectConfigurationPlatforms) = postSolution
		{0AAEC53A-9A12-4231-9498-1262E2A2C99B}.Debug|Any CPU.ActiveCfg = Debug|Any CPU
		{0AAEC53A-9A12-4231-9498-1262E2A2C99B}.Debug|Any CPU.Build.0 = Debug|Any CPU
		{0AAEC53A-9A12-4231-9498-1262E2A2C99B}.Release|Any CPU.ActiveCfg = Release|Any CPU
		{0AAEC53A-9A12-4231-9498-1262E2A2C99B}.Release|Any CPU.Build.0 = Release|Any CPU
		{76538EE2-00BE-4D84-AAFC-FF23845C1FB8}.Debug|Any CPU.ActiveCfg = Debug|Any CPU
		{76538EE2-00BE-4D84-AAFC-FF23845C1FB8}.Debug|Any CPU.Build.0 = Debug|Any CPU
		{76538EE2-00BE-4D84-AAFC-FF23845C1FB8}.Release|Any CPU.ActiveCfg = Release|Any CPU
		{76538EE2-00BE-4D84-AAFC-FF23845C1FB8}.Release|Any CPU.Build.0 = Release|Any CPU
	EndGlobalSection
	GlobalSection(SolutionProperties) = preSolution
		HideSolutionNode = FALSE
	EndGlobalSection
	GlobalSection(ExtensibilityGlobals) = postSolution
		SolutionGuid = {A87B382A-F1EC-4CB1-9D53-4EE94E78AB85}
	EndGlobalSection
EndGlobal
